{
  "name": "tla-precheck-tickets",
  "lockfileVersion": 3,
  "requires": true,
  "packages": {
    "": {
      "name": "tla-precheck-tickets",
      "devDependencies": {
        "tla-precheck": "0.1.7",
        "typescript": "^5.9.3"
      }
    },
    "node_modules/tla-precheck": {
      "version": "0.1.7",
      "resolved": "https://registry.npmjs.org/tla-precheck/-/tla-precheck-0.1.7.tgz",
      "integrity": "sha512-UZeHqQhYeRm4rETI68fK1t9+bM7u3g3tqY40BG8aRjSx1K9j6R9Aj5IXsva+S+Nq62tsW/NsqlsHmxclwhRZ+g==",
      "dev": true,
      "license": "MIT",
      "dependencies": {
        "typescript": "^5.9.3"
      },
      "bin": {
        "tla-precheck": "bin/tla-precheck.js"
      }
    },
    "node_modules/typescript": {
      "version": "5.9.3",
      "resolved": "https://registry.npmjs.org/typescript/-/typescript-5.9.3.tgz",
      "integrity": "sha512-jl1vZzPDinLr9eUt3J/t7V6FgNEw9QjvBPdysz9KfQDD41fQrC2Y4vKQdiaUpFT4bXlb1RHhLpp8wtm6M5TgSw==",
      "dev": true,
      "license": "Apache-2.0",
      "bin": {
        "tsc": "bin/tsc",
        "tsserver": "bin/tsserver"
      },
      "engines": {
        "node": ">=14.17"
      }
    }
  }
}
