{
  "name": "polygraph-coupon",
  "lockfileVersion": 3,
  "requires": true,
  "packages": {
    "": {
      "name": "polygraph-coupon",
      "devDependencies": {
        "@cognitive-fab/polygraph": "8.3.0"
      }
    },
    "node_modules/@cognitive-fab/polygraph": {
      "version": "8.3.0",
      "resolved": "https://registry.npmjs.org/@cognitive-fab/polygraph/-/polygraph-8.3.0.tgz",
      "integrity": "sha512-+7V5pYCCRoxISB7xpLTRCgCcbp37NzjkXFX0Uulk82smYLZ7qzpMNoOYh+ctQQoJbf9ETJUca0r+OXRVCq388w==",
      "dev": true,
      "license": "Apache-2.0",
      "workspaces": [
        "polyviz"
      ],
      "dependencies": {
        "@cognitive-fab/sam-pattern": "^2.2.0",
        "acorn": "^8.17.0"
      },
      "bin": {
        "polygen": "scripts/polygen.mjs",
        "polygraph": "scripts/verify.mjs"
      },
      "engines": {
        "node": ">=20"
      },
      "peerDependencies": {
        "pg": "^8.0.0"
      },
      "peerDependenciesMeta": {
        "pg": {
          "optional": true
        }
      }
    },
    "node_modules/@cognitive-fab/sam-pattern": {
      "version": "2.2.1",
      "resolved": "https://registry.npmjs.org/@cognitive-fab/sam-pattern/-/sam-pattern-2.2.1.tgz",
      "integrity": "sha512-+TTGJT4k48HG52fWxEDXWoFZs3lILoBKo+YtnQ/b8NvRSdKmnsRfnZeZtFb9n9O3AKd6uVL8FhKxqbQAwIFr/g==",
      "dev": true,
      "license": "ISC"
    },
    "node_modules/acorn": {
      "version": "8.18.0",
      "resolved": "https://registry.npmjs.org/acorn/-/acorn-8.18.0.tgz",
      "integrity": "sha512-lGq+9yr1/GuAWaVYIHRjvvySG5/4VfKIvC8EWxStPdcDh/Ka7FG3twP6v4d5BkravUilhIAsG4Qj83t02LWUPQ==",
      "dev": true,
      "license": "MIT",
      "bin": {
        "acorn": "bin/acorn"
      },
      "engines": {
        "node": ">=0.4.0"
      }
    }
  }
}
